// !$*UTF8*$!
{
	archiveVersion = 1;
	classes = {
	};
	objectVersion = 46;
	objects = {

/* Begin PBXBuildFile section */
		6857DA6815472F8A001AB0E9 /* UIKit.framework in Frameworks */ = {isa = PBXBuildFile; fileRef = 6857DA6715472F8A001AB0E9 /* UIKit.framework */; };
		6857DA6A15472F8A001AB0E9 /* Foundation.framework in Frameworks */ = {isa = PBXBuildFile; fileRef = 6857DA6915472F8A001AB0E9 /* Foundation.framework */; };
		6857DA6C15472F8A001AB0E9 /* CoreGraphics.framework in Frameworks */ = {isa = PBXBuildFile; fileRef = 6857DA6B15472F8A001AB0E9 /* CoreGraphics.framework */; };
		6857DA7215472F8A001AB0E9 /* InfoPlist.strings in Resources */ = {isa = PBXBuildFile; fileRef = 6857DA7015472F8A001AB0E9 /* InfoPlist.strings */; };
		6857DA7415472F8A001AB0E9 /* main.m in Sources */ = {isa = PBXBuildFile; fileRef = 6857DA7315472F8A001AB0E9 /* main.m */; };
		6857DA7815472F8A001AB0E9 /* AppDelegate.m in Sources */ = {isa = PBXBuildFile; fileRef = 6857DA7715472F8A001AB0E9 /* AppDelegate.m */; };
		6857DA7B15472F8A001AB0E9 /* ViewController.m in Sources */ = {isa = PBXBuildFile; fileRef = 6857DA7A15472F8A001AB0E9 /* ViewController.m */; };
		6857DA7E15472F8A001AB0E9 /* ViewController.xib in Resources */ = {isa = PBXBuildFile; fileRef = 6857DA7C15472F8A001AB0E9 /* ViewController.xib */; };
/* End PBXBuildFile section */

/* Begin PBXFileReference section */
		6857DA6315472F8A001AB0E9 /* HelloWorld.app */ = {isa = PBXFileReference; explicitFileType = wrapper.application; includeInIndex = 0; path = HelloWorld.app; sourceTree = BUILT_PRODUCTS_DIR; };
		6857DA6715472F8A001AB0E9 /* UIKit.framework */ = {isa = PBXFileReference; lastKnownFileType = wrapper.framework; name = UIKit.framework; path = System/Library/Frameworks/UIKit.framework; sourceTree = SDKROOT; };
		6857DA6915472F8A001AB0E9 /* Foundation.framework */ = {isa = PBXFileReference; lastKnownFileType = wrapper.framework; name = Foundation.framework; path = System/Library/Frameworks/Foundation.framework; sourceTree = SDKROOT; };
		6857DA6B15472F8A001AB0E9 /* CoreGraphics.framework */ = {isa = PBXFileReference; lastKnownFileType = wrapper.framework; name = CoreGraphics.framework; path = System/Library/Frameworks/CoreGraphics.framework; sourceTree = SDKROOT; };
		6857DA6F15472F8A001AB0E9 /* HelloWorld-Info.plist */ = {isa = PBXFileReference; lastKnownFileType = text.plist.xml; path = "HelloWorld-Info.plist"; sourceTree = "<group>"; };
		6857DA7115472F8A001AB0E9 /* en */ = {isa = PBXFileReference; lastKnownFileType = text.plist.strings; name = en; path = en.lproj/InfoPlist.strings; sourceTree = "<group>"; };
		6857DA7315472F8A001AB0E9 /* main.m */ = {isa = PBXFileReference; lastKnownFileType = sourcecode.c.objc; path = main.m; sourceTree = "<group>"; };
		6857DA7515472F8A001AB0E9 /* HelloWorld-Prefix.pch */ = {isa = PBXFileReference; lastKnownFileType = sourcecode.c.h; path = "HelloWorld-Prefix.pch"; sourceTree = "<group>"; };
		6857DA7615472F8A001AB0E9 /* AppDelegate.h */ = {isa = PBXFileReference; lastKnownFileType = sourcecode.c.h; path = AppDelegate.h; sourceTree = "<group>"; };
		6857DA7715472F8A001AB0E9 /* AppDelegate.m */ = {isa = PBXFileReference; lastKnownFileType = sourcecode.c.objc; path = AppDelegate.m; sourceTree = "<group>"; };
		6857DA7915472F8A001AB0E9 /* ViewController.h */ = {isa = PBXFileReference; lastKnownFileType = sourcecode.c.h; path = ViewController.h; sourceTree = "<group>"; };
		6857DA7A15472F8A001AB0E9 /* ViewController.m */ = {isa = PBXFileReference; lastKnownFileType = sourcecode.c.objc; path = ViewController.m; sourceTree = "<group>"; };
		6857DA7D15472F8A001AB0E9 /* en */ = {isa = PBXFileReference; lastKnownFileType = file.xib; name = en; path = en.lproj/ViewController.xib; sourceTree = "<group>"; };
/* End PBXFileReference section */

/* Begin PBXFrameworksBuildPhase section */
		6857DA6015472F8A001AB0E9 /* Frameworks */ = {
			isa = PBXFrameworksBuildPhase;
			buildActionMask = 2147483647;
			files = (
				6857DA6815472F8A001AB0E9 /* UIKit.framework in Frameworks */,
				6857DA6A15472F8A001AB0E9 /* Foundation.framework in Frameworks */,
				6857DA6C15472F8A001AB0E9 /* CoreGraphics.framework in Frameworks */,
			);
			runOnlyForDeploymentPostprocessing = 0;
		};
/* End PBXFrameworksBuildPhase section */

/* Begin PBXGroup section */
		6857DA5815472F8A001AB0E9 = {
			isa = PBXGroup;
			children = (
				6857DA6D15472F8A001AB0E9 /* HelloWorld */,
				6857DA6615472F8A001AB0E9 /* Frameworks */,
				6857DA6415472F8A001AB0E9 /* Products */,
			);
			sourceTree = "<group>";
		};
		6857DA6415472F8A001AB0E9 /* Products */ = {
			isa = PBXGroup;
			children = (
				6857DA6315472F8A001AB0E9 /* HelloWorld.app */,
			);
			name = Products;
			sourceTree = "<group>";
		};
		6857DA6615472F8A001AB0E9 /* Frameworks */ = {
			isa = PBXGroup;
			children = (
				6857DA6715472F8A001AB0E9 /* UIKit.framework */,
				6857DA6915472F8A001AB0E9 /* Foundation.framework */,
				6857DA6B15472F8A001AB0E9 /* CoreGraphics.framework */,
			);
			name = Frameworks;
			sourceTree = "<group>";
		};
		6857DA6D15472F8A001AB0E9 /* HelloWorld */ = {
			isa = PBXGroup;
			children = (
				6857DA7615472F8A001AB0E9 /* AppDelegate.h */,
				6857DA7715472F8A001AB0E9 /* AppDelegate.m */,
				6857DA7915472F8A001AB0E9 /* ViewController.h */,
				6857DA7A15472F8A001AB0E9 /* ViewController.m */,
				6857DA7C15472F8A001AB0E9 /* ViewController.xib */,
				6857DA6E15472F8A001AB0E9 /* Supporting Files */,
			);
			path = HelloWorld;
			sourceTree = "<group>";
		};
		6857DA6E15472F8A001AB0E9 /* Supporting Files */ = {
			isa = PBXGroup;
			children = (
				6857DA6F15472F8A001AB0E9 /* HelloWorld-Info.plist */,
				6857DA7015472F8A001AB0E9 /* InfoPlist.strings */,
				6857DA7315472F8A001AB0E9 /* main.m */,
				6857DA7515472F8A001AB0E9 /* HelloWorld-Prefix.pch */,
			);
			name = "Supporting Files";
			sourceTree = "<group>";
		};
/* End PBXGroup section */

/* Begin PBXNativeTarget section */
		6857DA6215472F8A001AB0E9 /* HelloWorld */ = {
			isa = PBXNativeTarget;
			buildConfigurationList = 6857DA8115472F8A001AB0E9 /* Build configuration list for PBXNativeTarget "HelloWorld" */;
			buildPhases = (
				6857DA5F15472F8A001AB0E9 /* Sources */,
				6857DA6015472F8A001AB0E9 /* Frameworks */,
				6857DA6115472F8A001AB0E9 /* Resources */,
			);
			buildRules = (
			);
			dependencies = (
			);
			name = HelloWorld;
			productName = HelloWorld;
			productReference = 6857DA6315472F8A001AB0E9 /* HelloWorld.app */;
			productType = "com.apple.product-type.application";
		};
/* End PBXNativeTarget section */

/* Begin PBXProject section */
		6857DA5A15472F8A001AB0E9 /* Project object */ = {
			isa = PBXProject;
			attributes = {
				LastUpgradeCheck = 0430;
				ORGANIZATIONNAME = "Washington and Lee University";
			};
			buildConfigurationList = 6857DA5D15472F8A001AB0E9 /* Build configuration list for PBXProject "HelloWorld" */;
			compatibilityVersion = "Xcode 3.2";
			developmentRegion = English;
			hasScannedForEncodings = 0;
			knownRegions = (
				en,
			);
			mainGroup = 6857DA5815472F8A001AB0E9;
			productRefGroup = 6857DA6415472F8A001AB0E9 /* Products */;
			projectDirPath = "";
			projectRoot = "";
			targets = (
				6857DA6215472F8A001AB0E9 /* HelloWorld */,
			);
		};
/* End PBXProject section */

/* Begin PBXResourcesBuildPhase section */
		6857DA6115472F8A001AB0E9 /* Resources */ = {
			isa = PBXResourcesBuildPhase;
			buildActionMask = 2147483647;
			files = (
				6857DA7215472F8A001AB0E9 /* InfoPlist.strings in Resources */,
				6857DA7E15472F8A001AB0E9 /* ViewController.xib in Resources */,
			);
			runOnlyForDeploymentPostprocessing = 0;
		};
/* End PBXResourcesBuildPhase section */

/* Begin PBXSourcesBuildPhase section */
		6857DA5F15472F8A001AB0E9 /* Sources */ = {
			isa = PBXSourcesBuildPhase;
			buildActionMask = 2147483647;
			files = (
				6857DA7415472F8A001AB0E9 /* main.m in Sources */,
				6857DA7815472F8A001AB0E9 /* AppDelegate.m in Sources */,
				6857DA7B15472F8A001AB0E9 /* ViewController.m in Sources */,
			);
			runOnlyForDeploymentPostprocessing = 0;
		};
/* End PBXSourcesBuildPhase section */

/* Begin PBXVariantGroup section */
		6857DA7015472F8A001AB0E9 /* InfoPlist.strings */ = {
			isa = PBXVariantGroup;
			children = (
				6857DA7115472F8A001AB0E9 /* en */,
			);
			name = InfoPlist.strings;
			sourceTree = "<group>";
		};
		6857DA7C15472F8A001AB0E9 /* ViewController.xib */ = {
			isa = PBXVariantGroup;
			children = (
				6857DA7D15472F8A001AB0E9 /* en */,
			);
			name = ViewController.xib;
			sourceTree = "<group>";
		};
/* End PBXVariantGroup section */

/* Begin XCBuildConfiguration section */
		6857DA7F15472F8A001AB0E9 /* Debug */ = {
			isa = XCBuildConfiguration;
			buildSettings = {
				ALWAYS_SEARCH_USER_PATHS = NO;
				ARCHS = "$(ARCHS_STANDARD_32_BIT)";
				CLANG_ENABLE_OBJC_ARC = YES;
				"CODE_SIGN_IDENTITY[sdk=iphoneos*]" = "iPhone Developer";
				COPY_PHASE_STRIP = NO;
				GCC_C_LANGUAGE_STANDARD = gnu99;
				GCC_DYNAMIC_NO_PIC = NO;
				GCC_OPTIMIZATION_LEVEL = 0;
				GCC_PREPROCESSOR_DEFINITIONS = (
					"DEBUG=1",
					"$(inherited)",
				);
				GCC_SYMBOLS_PRIVATE_EXTERN = NO;
				GCC_VERSION = com.apple.compilers.llvm.clang.1_0;
				GCC_WARN_ABOUT_RETURN_TYPE = YES;
				GCC_WARN_UNINITIALIZED_AUTOS = YES;
				GCC_WARN_UNUSED_VARIABLE = YES;
				IPHONEOS_DEPLOYMENT_TARGET = 5.1;
				SDKROOT = iphoneos;
			};
			name = Debug;
		};
		6857DA8015472F8A001AB0E9 /* Release */ = {
			isa = XCBuildConfiguration;
			buildSettings = {
				ALWAYS_SEARCH_USER_PATHS = NO;
				ARCHS = "$(ARCHS_STANDARD_32_BIT)";
				CLANG_ENABLE_OBJC_ARC = YES;
				"CODE_SIGN_IDENTITY[sdk=iphoneos*]" = "iPhone Developer";
				COPY_PHASE_STRIP = YES;
				GCC_C_LANGUAGE_STANDARD = gnu99;
				GCC_VERSION = com.apple.compilers.llvm.clang.1_0;
				GCC_WARN_ABOUT_RETURN_TYPE = YES;
				GCC_WARN_UNINITIALIZED_AUTOS = YES;
				GCC_WARN_UNUSED_VARIABLE = YES;
				IPHONEOS_DEPLOYMENT_TARGET = 5.1;
				OTHER_CFLAGS = "-DNS_BLOCK_ASSERTIONS=1";
				SDKROOT = iphoneos;
				VALIDATE_PRODUCT = YES;
			};
			name = Release;
		};
		6857DA8215472F8A001AB0E9 /* Debug */ = {
			isa = XCBuildConfiguration;
			buildSettings = {
				GCC_PRECOMPILE_PREFIX_HEADER = YES;
				GCC_PREFIX_HEADER = "HelloWorld/HelloWorld-Prefix.pch";
				INFOPLIST_FILE = "HelloWorld/HelloWorld-Info.plist";
				PRODUCT_NAME = "$(TARGET_NAME)";
				WRAPPER_EXTENSION = app;
			};
			name = Debug;
		};
		6857DA8315472F8A001AB0E9 /* Release */ = {
			isa = XCBuildConfiguration;
			buildSettings = {
				GCC_PRECOMPILE_PREFIX_HEADER = YES;
				GCC_PREFIX_HEADER = "HelloWorld/HelloWorld-Prefix.pch";
				INFOPLIST_FILE = "HelloWorld/HelloWorld-Info.plist";
				PRODUCT_NAME = "$(TARGET_NAME)";
				WRAPPER_EXTENSION = app;
			};
			name = Release;
		};
/* End XCBuildConfiguration section */

/* Begin XCConfigurationList section */
		6857DA5D15472F8A001AB0E9 /* Build configuration list for PBXProject "HelloWorld" */ = {
			isa = XCConfigurationList;
			buildConfigurations = (
				6857DA7F15472F8A001AB0E9 /* Debug */,
				6857DA8015472F8A001AB0E9 /* Release */,
			);
			defaultConfigurationIsVisible = 0;
			defaultConfigurationName = Release;
		};
		6857DA8115472F8A001AB0E9 /* Build configuration list for PBXNativeTarget "HelloWorld" */ = {
			isa = XCConfigurationList;
			buildConfigurations = (
				6857DA8215472F8A001AB0E9 /* Debug */,
				6857DA8315472F8A001AB0E9 /* Release */,
			);
			defaultConfigurationIsVisible = 0;
		};
/* End XCConfigurationList section */
	};
	rootObject = 6857DA5A15472F8A001AB0E9 /* Project object */;
}
